// !$*UTF8*$!
{
	archiveVersion = 1;
	classes = {
	};
	objectVersion = 46;
	objects = {

/* Begin PBXBuildFile section */
		2F55619521D871DA000EEA2E /* VideoToolbox.framework in Frameworks */ = {isa = PBXBuildFile; fileRef = 52BA30F119F6368400D81640 /* VideoToolbox.framework */; };
		2F55619621D872E5000EEA2E /* CoreMedia.framework in Frameworks */ = {isa = PBXBuildFile; fileRef = 527BCFAA19C4340F0077631F /* CoreMedia.framework */; };
		2F55619721D872FA000EEA2E /* AudioToolbox.framework in Frameworks */ = {isa = PBXBuildFile; fileRef = 527BCFAB19C4340F0077631F /* AudioToolbox.framework */; };
		2F55619821D87308000EEA2E /* SystemConfiguration.framework in Frameworks */ = {isa = PBXBuildFile; fileRef = 527BCFB219C4340F0077631F /* SystemConfiguration.framework */; };
		2F55619921D87313000EEA2E /* CoreTelephony.framework in Frameworks */ = {isa = PBXBuildFile; fileRef = 527BCFAC19C4340F0077631F /* CoreTelephony.framework */; };
		2F55619B21D87371000EEA2E /* libc++.tbd in Frameworks */ = {isa = PBXBuildFile; fileRef = 2F55619A21D87371000EEA2E /* libc++.tbd */; };
		2F55619D21D87378000EEA2E /* libresolv.tbd in Frameworks */ = {isa = PBXBuildFile; fileRef = 2F55619C21D87378000EEA2E /* libresolv.tbd */; };
		2F55619E21D87386000EEA2E /* AVFoundation.framework in Frameworks */ = {isa = PBXBuildFile; fileRef = 527BCFAD19C4340F0077631F /* AVFoundation.framework */; };
		2F55619F21D8746D000EEA2E /* Accelerate.framework in Frameworks */ = {isa = PBXBuildFile; fileRef = 52BA30A419F6367A00D81640 /* Accelerate.framework */; };
		2F5561A121D874C7000EEA2E /* libicucore.tbd in Frameworks */ = {isa = PBXBuildFile; fileRef = 2F5561A021D874C7000EEA2E /* libicucore.tbd */; };
		2F828DDB225B1FB7000842E1 /* CoreML.framework in Frameworks */ = {isa = PBXBuildFile; fileRef = 2F828DDA225B1FB6000842E1 /* CoreML.framework */; };
		2FF50A302265913100B5CA54 /* libagoraRtc.a in Frameworks */ = {isa = PBXBuildFile; fileRef = 2FF50A2F2265913100B5CA54 /* libagoraRtc.a */; };
		5238DE3B1BE0BF2900D2CB5C /* EngineLocalizable.strings in Resources */ = {isa = PBXBuildFile; fileRef = 5238DE3D1BE0BF2900D2CB5C /* EngineLocalizable.strings */; };
		5262179B1CFC3B9C00DEE766 /* WebKit.framework in Frameworks */ = {isa = PBXBuildFile; fileRef = 52BA30F219F6368400D81640 /* WebKit.framework */; settings = {ATTRIBUTES = (Weak, ); }; };
		527BCF7119C431480077631F /* main.m in Sources */ = {isa = PBXBuildFile; fileRef = 527BCF7019C431480077631F /* main.m */; };
		527BCF7C19C431480077631F /* Images.xcassets in Resources */ = {isa = PBXBuildFile; fileRef = 527BCF7B19C431480077631F /* Images.xcassets */; };
		527BCFF519C4346B0077631F /* uz in Resources */ = {isa = PBXBuildFile; fileRef = 527BCFF319C4346B0077631F /* uz */; };
		527BCFF619C4346B0077631F /* widget in Resources */ = {isa = PBXBuildFile; fileRef = 527BCFF419C4346B0077631F /* widget */; };
		70F66F5520464FCB00AB9492 /* AgoraRtcEngineKit.framework in Frameworks */ = {isa = PBXBuildFile; fileRef = 70F66F5320464FCB00AB9492 /* AgoraRtcEngineKit.framework */; };
/* End PBXBuildFile section */

/* Begin PBXCopyFilesBuildPhase section */
		52BCBF0A1ADB6C5E00561043 /* Embed App Extensions */ = {
			isa = PBXCopyFilesBuildPhase;
			buildActionMask = 2147483647;
			dstPath = "";
			dstSubfolderSpec = 13;
			files = (
			);
			name = "Embed App Extensions";
			runOnlyForDeploymentPostprocessing = 0;
		};
/* End PBXCopyFilesBuildPhase section */

/* Begin PBXFileReference section */
		2F55619A21D87371000EEA2E /* libc++.tbd */ = {isa = PBXFileReference; lastKnownFileType = "sourcecode.text-based-dylib-definition"; name = "libc++.tbd"; path = "usr/lib/libc++.tbd"; sourceTree = SDKROOT; };
		2F55619C21D87378000EEA2E /* libresolv.tbd */ = {isa = PBXFileReference; lastKnownFileType = "sourcecode.text-based-dylib-definition"; name = libresolv.tbd; path = usr/lib/libresolv.tbd; sourceTree = SDKROOT; };
		2F5561A021D874C7000EEA2E /* libicucore.tbd */ = {isa = PBXFileReference; lastKnownFileType = "sourcecode.text-based-dylib-definition"; name = libicucore.tbd; path = usr/lib/libicucore.tbd; sourceTree = SDKROOT; };
		2F828DDA225B1FB6000842E1 /* CoreML.framework */ = {isa = PBXFileReference; lastKnownFileType = wrapper.framework; name = CoreML.framework; path = System/Library/Frameworks/CoreML.framework; sourceTree = SDKROOT; };
		2FF50A2F2265913100B5CA54 /* libagoraRtc.a */ = {isa = PBXFileReference; explicitFileType = archive.ar; path = libagoraRtc.a; sourceTree = BUILT_PRODUCTS_DIR; };
		523771DC1ADB81C300C15847 /* WatchKit.framework */ = {isa = PBXFileReference; lastKnownFileType = wrapper.framework; name = WatchKit.framework; path = System/Library/Frameworks/WatchKit.framework; sourceTree = SDKROOT; };
		5238DE3C1BE0BF2900D2CB5C /* en */ = {isa = PBXFileReference; lastKnownFileType = text.plist.strings; name = en; path = en.lproj/EngineLocalizable.strings; sourceTree = "<group>"; };
		5238DE3E1BE0BF3800D2CB5C /* zh-Hans */ = {isa = PBXFileReference; lastKnownFileType = text.plist.strings; name = "zh-Hans"; path = "zh-Hans.lproj/EngineLocalizable.strings"; sourceTree = "<group>"; };
		526385B719F53DE100AFF36E /* AdSupport.framework */ = {isa = PBXFileReference; lastKnownFileType = wrapper.framework; name = AdSupport.framework; path = System/Library/Frameworks/AdSupport.framework; sourceTree = SDKROOT; };
		527BCF6B19C431480077631F /* UZApp.app */ = {isa = PBXFileReference; explicitFileType = wrapper.application; includeInIndex = 0; path = UZApp.app; sourceTree = BUILT_PRODUCTS_DIR; };
		527BCF6F19C431480077631F /* Info.plist */ = {isa = PBXFileReference; lastKnownFileType = text.plist.xml; path = Info.plist; sourceTree = "<group>"; };
		527BCF7019C431480077631F /* main.m */ = {isa = PBXFileReference; lastKnownFileType = sourcecode.c.objc; path = main.m; sourceTree = "<group>"; };
		527BCF7B19C431480077631F /* Images.xcassets */ = {isa = PBXFileReference; lastKnownFileType = folder.assetcatalog; path = Images.xcassets; sourceTree = "<group>"; };
		527BCFA519C4340F0077631F /* CoreLocation.framework */ = {isa = PBXFileReference; lastKnownFileType = wrapper.framework; name = CoreLocation.framework; path = System/Library/Frameworks/CoreLocation.framework; sourceTree = SDKROOT; };
		527BCFA619C4340F0077631F /* QuickLook.framework */ = {isa = PBXFileReference; lastKnownFileType = wrapper.framework; name = QuickLook.framework; path = System/Library/Frameworks/QuickLook.framework; sourceTree = SDKROOT; };
		527BCFA719C4340F0077631F /* ImageIO.framework */ = {isa = PBXFileReference; lastKnownFileType = wrapper.framework; name = ImageIO.framework; path = System/Library/Frameworks/ImageIO.framework; sourceTree = SDKROOT; };
		527BCFA819C4340F0077631F /* AssetsLibrary.framework */ = {isa = PBXFileReference; lastKnownFileType = wrapper.framework; name = AssetsLibrary.framework; path = System/Library/Frameworks/AssetsLibrary.framework; sourceTree = SDKROOT; };
		527BCFA919C4340F0077631F /* CoreVideo.framework */ = {isa = PBXFileReference; lastKnownFileType = wrapper.framework; name = CoreVideo.framework; path = System/Library/Frameworks/CoreVideo.framework; sourceTree = SDKROOT; };
		527BCFAA19C4340F0077631F /* CoreMedia.framework */ = {isa = PBXFileReference; lastKnownFileType = wrapper.framework; name = CoreMedia.framework; path = System/Library/Frameworks/CoreMedia.framework; sourceTree = SDKROOT; };
		527BCFAB19C4340F0077631F /* AudioToolbox.framework */ = {isa = PBXFileReference; lastKnownFileType = wrapper.framework; name = AudioToolbox.framework; path = System/Library/Frameworks/AudioToolbox.framework; sourceTree = SDKROOT; };
		527BCFAC19C4340F0077631F /* CoreTelephony.framework */ = {isa = PBXFileReference; lastKnownFileType = wrapper.framework; name = CoreTelephony.framework; path = System/Library/Frameworks/CoreTelephony.framework; sourceTree = SDKROOT; };
		527BCFAD19C4340F0077631F /* AVFoundation.framework */ = {isa = PBXFileReference; lastKnownFileType = wrapper.framework; name = AVFoundation.framework; path = System/Library/Frameworks/AVFoundation.framework; sourceTree = SDKROOT; };
		527BCFAE19C4340F0077631F /* MediaPlayer.framework */ = {isa = PBXFileReference; lastKnownFileType = wrapper.framework; name = MediaPlayer.framework; path = System/Library/Frameworks/MediaPlayer.framework; sourceTree = SDKROOT; };
		527BCFAF19C4340F0077631F /* AddressBook.framework */ = {isa = PBXFileReference; lastKnownFileType = wrapper.framework; name = AddressBook.framework; path = System/Library/Frameworks/AddressBook.framework; sourceTree = SDKROOT; };
		527BCFB019C4340F0077631F /* AddressBookUI.framework */ = {isa = PBXFileReference; lastKnownFileType = wrapper.framework; name = AddressBookUI.framework; path = System/Library/Frameworks/AddressBookUI.framework; sourceTree = SDKROOT; };
		527BCFB119C4340F0077631F /* Security.framework */ = {isa = PBXFileReference; lastKnownFileType = wrapper.framework; name = Security.framework; path = System/Library/Frameworks/Security.framework; sourceTree = SDKROOT; };
		527BCFB219C4340F0077631F /* SystemConfiguration.framework */ = {isa = PBXFileReference; lastKnownFileType = wrapper.framework; name = SystemConfiguration.framework; path = System/Library/Frameworks/SystemConfiguration.framework; sourceTree = SDKROOT; };
		527BCFB319C4340F0077631F /* CFNetwork.framework */ = {isa = PBXFileReference; lastKnownFileType = wrapper.framework; name = CFNetwork.framework; path = System/Library/Frameworks/CFNetwork.framework; sourceTree = SDKROOT; };
		527BCFB419C4340F0077631F /* MobileCoreServices.framework */ = {isa = PBXFileReference; lastKnownFileType = wrapper.framework; name = MobileCoreServices.framework; path = System/Library/Frameworks/MobileCoreServices.framework; sourceTree = SDKROOT; };
		527BCFB519C4340F0077631F /* MessageUI.framework */ = {isa = PBXFileReference; lastKnownFileType = wrapper.framework; name = MessageUI.framework; path = System/Library/Frameworks/MessageUI.framework; sourceTree = SDKROOT; };
		527BCFB619C4340F0077631F /* Foundation.framework */ = {isa = PBXFileReference; lastKnownFileType = wrapper.framework; name = Foundation.framework; path = System/Library/Frameworks/Foundation.framework; sourceTree = SDKROOT; };
		527BCFB719C434100077631F /* CoreGraphics.framework */ = {isa = PBXFileReference; lastKnownFileType = wrapper.framework; name = CoreGraphics.framework; path = System/Library/Frameworks/CoreGraphics.framework; sourceTree = SDKROOT; };
		527BCFB819C434100077631F /* UIKit.framework */ = {isa = PBXFileReference; lastKnownFileType = wrapper.framework; name = UIKit.framework; path = System/Library/Frameworks/UIKit.framework; sourceTree = SDKROOT; };
		527BCFB919C434100077631F /* CoreData.framework */ = {isa = PBXFileReference; lastKnownFileType = wrapper.framework; name = CoreData.framework; path = System/Library/Frameworks/CoreData.framework; sourceTree = SDKROOT; };
		527BCFF319C4346B0077631F /* uz */ = {isa = PBXFileReference; lastKnownFileType = folder; path = uz; sourceTree = "<group>"; };
		527BCFF419C4346B0077631F /* widget */ = {isa = PBXFileReference; lastKnownFileType = folder; path = widget; sourceTree = "<group>"; };
		529FCFB31C001EFC00AFDBAF /* Contacts.framework */ = {isa = PBXFileReference; lastKnownFileType = wrapper.framework; name = Contacts.framework; path = System/Library/Frameworks/Contacts.framework; sourceTree = SDKROOT; };
		529FCFB41C001EFC00AFDBAF /* ContactsUI.framework */ = {isa = PBXFileReference; lastKnownFileType = wrapper.framework; name = ContactsUI.framework; path = System/Library/Frameworks/ContactsUI.framework; sourceTree = SDKROOT; };
		52BA30A419F6367A00D81640 /* Accelerate.framework */ = {isa = PBXFileReference; lastKnownFileType = wrapper.framework; name = Accelerate.framework; path = System/Library/Frameworks/Accelerate.framework; sourceTree = SDKROOT; };
		52BA30A519F6367A00D81640 /* Accounts.framework */ = {isa = PBXFileReference; lastKnownFileType = wrapper.framework; name = Accounts.framework; path = System/Library/Frameworks/Accounts.framework; sourceTree = SDKROOT; };
		52BA30A619F6367A00D81640 /* AudioUnit.framework */ = {isa = PBXFileReference; lastKnownFileType = wrapper.framework; name = AudioUnit.framework; path = System/Library/Frameworks/AudioUnit.framework; sourceTree = SDKROOT; };
		52BA30A719F6367A00D81640 /* AVKit.framework */ = {isa = PBXFileReference; lastKnownFileType = wrapper.framework; name = AVKit.framework; path = System/Library/Frameworks/AVKit.framework; sourceTree = SDKROOT; };
		52BA30A819F6367A00D81640 /* CloudKit.framework */ = {isa = PBXFileReference; lastKnownFileType = wrapper.framework; name = CloudKit.framework; path = System/Library/Frameworks/CloudKit.framework; sourceTree = SDKROOT; };
		52BA30A919F6367A00D81640 /* CoreAudio.framework */ = {isa = PBXFileReference; lastKnownFileType = wrapper.framework; name = CoreAudio.framework; path = System/Library/Frameworks/CoreAudio.framework; sourceTree = SDKROOT; };
		52BA30AA19F6367A00D81640 /* CoreAudioKit.framework */ = {isa = PBXFileReference; lastKnownFileType = wrapper.framework; name = CoreAudioKit.framework; path = System/Library/Frameworks/CoreAudioKit.framework; sourceTree = SDKROOT; };
		52BA30AB19F6367A00D81640 /* CoreBluetooth.framework */ = {isa = PBXFileReference; lastKnownFileType = wrapper.framework; name = CoreBluetooth.framework; path = System/Library/Frameworks/CoreBluetooth.framework; sourceTree = SDKROOT; };
		52BA30AC19F6367A00D81640 /* CoreFoundation.framework */ = {isa = PBXFileReference; lastKnownFileType = wrapper.framework; name = CoreFoundation.framework; path = System/Library/Frameworks/CoreFoundation.framework; sourceTree = SDKROOT; };
		52BA30AD19F6367A00D81640 /* CoreImage.framework */ = {isa = PBXFileReference; lastKnownFileType = wrapper.framework; name = CoreImage.framework; path = System/Library/Frameworks/CoreImage.framework; sourceTree = SDKROOT; };
		52BA30AE19F6367A00D81640 /* CoreMIDI.framework */ = {isa = PBXFileReference; lastKnownFileType = wrapper.framework; name = CoreMIDI.framework; path = System/Library/Frameworks/CoreMIDI.framework; sourceTree = SDKROOT; };
		52BA30AF19F6367A00D81640 /* CoreMotion.framework */ = {isa = PBXFileReference; lastKnownFileType = wrapper.framework; name = CoreMotion.framework; path = System/Library/Frameworks/CoreMotion.framework; sourceTree = SDKROOT; };
		52BA30B019F6367A00D81640 /* CoreText.framework */ = {isa = PBXFileReference; lastKnownFileType = wrapper.framework; name = CoreText.framework; path = System/Library/Frameworks/CoreText.framework; sourceTree = SDKROOT; };
		52BA30B119F6367A00D81640 /* EventKit.framework */ = {isa = PBXFileReference; lastKnownFileType = wrapper.framework; name = EventKit.framework; path = System/Library/Frameworks/EventKit.framework; sourceTree = SDKROOT; };
		52BA30B219F6367A00D81640 /* EventKitUI.framework */ = {isa = PBXFileReference; lastKnownFileType = wrapper.framework; name = EventKitUI.framework; path = System/Library/Frameworks/EventKitUI.framework; sourceTree = SDKROOT; };
		52BA30B419F6367A00D81640 /* GameController.framework */ = {isa = PBXFileReference; lastKnownFileType = wrapper.framework; name = GameController.framework; path = System/Library/Frameworks/GameController.framework; sourceTree = SDKROOT; };
		52BA30B619F6367A00D81640 /* GLKit.framework */ = {isa = PBXFileReference; lastKnownFileType = wrapper.framework; name = GLKit.framework; path = System/Library/Frameworks/GLKit.framework; sourceTree = SDKROOT; };
		52BA30B719F6367A00D81640 /* GSS.framework */ = {isa = PBXFileReference; lastKnownFileType = wrapper.framework; name = GSS.framework; path = System/Library/Frameworks/GSS.framework; sourceTree = SDKROOT; };
		52BA30B819F6367A00D81640 /* HealthKit.framework */ = {isa = PBXFileReference; lastKnownFileType = wrapper.framework; name = HealthKit.framework; path = System/Library/Frameworks/HealthKit.framework; sourceTree = SDKROOT; };
		52BA30B919F6367A00D81640 /* HomeKit.framework */ = {isa = PBXFileReference; lastKnownFileType = wrapper.framework; name = HomeKit.framework; path = System/Library/Frameworks/HomeKit.framework; sourceTree = SDKROOT; };
		52BA30BA19F6367A00D81640 /* iAd.framework */ = {isa = PBXFileReference; lastKnownFileType = wrapper.framework; name = iAd.framework; path = System/Library/Frameworks/iAd.framework; sourceTree = SDKROOT; };
		52BA30BB19F6367A00D81640 /* JavaScriptCore.framework */ = {isa = PBXFileReference; lastKnownFileType = wrapper.framework; name = JavaScriptCore.framework; path = System/Library/Frameworks/JavaScriptCore.framework; sourceTree = SDKROOT; };
		52BA30DB19F6368400D81640 /* LocalAuthentication.framework */ = {isa = PBXFileReference; lastKnownFileType = wrapper.framework; name = LocalAuthentication.framework; path = System/Library/Frameworks/LocalAuthentication.framework; sourceTree = SDKROOT; };
		52BA30DC19F6368400D81640 /* MapKit.framework */ = {isa = PBXFileReference; lastKnownFileType = wrapper.framework; name = MapKit.framework; path = System/Library/Frameworks/MapKit.framework; sourceTree = SDKROOT; };
		52BA30DD19F6368400D81640 /* MediaAccessibility.framework */ = {isa = PBXFileReference; lastKnownFileType = wrapper.framework; name = MediaAccessibility.framework; path = System/Library/Frameworks/MediaAccessibility.framework; sourceTree = SDKROOT; };
		52BA30DE19F6368400D81640 /* MediaToolbox.framework */ = {isa = PBXFileReference; lastKnownFileType = wrapper.framework; name = MediaToolbox.framework; path = System/Library/Frameworks/MediaToolbox.framework; sourceTree = SDKROOT; };
		52BA30DF19F6368400D81640 /* Metal.framework */ = {isa = PBXFileReference; lastKnownFileType = wrapper.framework; name = Metal.framework; path = System/Library/Frameworks/Metal.framework; sourceTree = SDKROOT; };
		52BA30E019F6368400D81640 /* MultipeerConnectivity.framework */ = {isa = PBXFileReference; lastKnownFileType = wrapper.framework; name = MultipeerConnectivity.framework; path = System/Library/Frameworks/MultipeerConnectivity.framework; sourceTree = SDKROOT; };
		52BA30E219F6368400D81640 /* NewsstandKit.framework */ = {isa = PBXFileReference; lastKnownFileType = wrapper.framework; name = NewsstandKit.framework; path = System/Library/Frameworks/NewsstandKit.framework; sourceTree = SDKROOT; };
		52BA30E319F6368400D81640 /* NotificationCenter.framework */ = {isa = PBXFileReference; lastKnownFileType = wrapper.framework; name = NotificationCenter.framework; path = System/Library/Frameworks/NotificationCenter.framework; sourceTree = SDKROOT; };
		52BA30E419F6368400D81640 /* OpenAL.framework */ = {isa = PBXFileReference; lastKnownFileType = wrapper.framework; name = OpenAL.framework; path = System/Library/Frameworks/OpenAL.framework; sourceTree = SDKROOT; };
		52BA30E519F6368400D81640 /* OpenGLES.framework */ = {isa = PBXFileReference; lastKnownFileType = wrapper.framework; name = OpenGLES.framework; path = System/Library/Frameworks/OpenGLES.framework; sourceTree = SDKROOT; };
		52BA30E619F6368400D81640 /* PassKit.framework */ = {isa = PBXFileReference; lastKnownFileType = wrapper.framework; name = PassKit.framework; path = System/Library/Frameworks/PassKit.framework; sourceTree = SDKROOT; };
		52BA30E719F6368400D81640 /* Photos.framework */ = {isa = PBXFileReference; lastKnownFileType = wrapper.framework; name = Photos.framework; path = System/Library/Frameworks/Photos.framework; sourceTree = SDKROOT; };
		52BA30E819F6368400D81640 /* PhotosUI.framework */ = {isa = PBXFileReference; lastKnownFileType = wrapper.framework; name = PhotosUI.framework; path = System/Library/Frameworks/PhotosUI.framework; sourceTree = SDKROOT; };
		52BA30E919F6368400D81640 /* PushKit.framework */ = {isa = PBXFileReference; lastKnownFileType = wrapper.framework; name = PushKit.framework; path = System/Library/Frameworks/PushKit.framework; sourceTree = SDKROOT; };
		52BA30EA19F6368400D81640 /* QuartzCore.framework */ = {isa = PBXFileReference; lastKnownFileType = wrapper.framework; name = QuartzCore.framework; path = System/Library/Frameworks/QuartzCore.framework; sourceTree = SDKROOT; };
		52BA30EB19F6368400D81640 /* SafariServices.framework */ = {isa = PBXFileReference; lastKnownFileType = wrapper.framework; name = SafariServices.framework; path = System/Library/Frameworks/SafariServices.framework; sourceTree = SDKROOT; };
		52BA30EC19F6368400D81640 /* SceneKit.framework */ = {isa = PBXFileReference; lastKnownFileType = wrapper.framework; name = SceneKit.framework; path = System/Library/Frameworks/SceneKit.framework; sourceTree = SDKROOT; };
		52BA30ED19F6368400D81640 /* Social.framework */ = {isa = PBXFileReference; lastKnownFileType = wrapper.framework; name = Social.framework; path = System/Library/Frameworks/Social.framework; sourceTree = SDKROOT; };
		52BA30EE19F6368400D81640 /* SpriteKit.framework */ = {isa = PBXFileReference; lastKnownFileType = wrapper.framework; name = SpriteKit.framework; path = System/Library/Frameworks/SpriteKit.framework; sourceTree = SDKROOT; };
		52BA30EF19F6368400D81640 /* StoreKit.framework */ = {isa = PBXFileReference; lastKnownFileType = wrapper.framework; name = StoreKit.framework; path = System/Library/Frameworks/StoreKit.framework; sourceTree = SDKROOT; };
		52BA30F019F6368400D81640 /* Twitter.framework */ = {isa = PBXFileReference; lastKnownFileType = wrapper.framework; name = Twitter.framework; path = System/Library/Frameworks/Twitter.framework; sourceTree = SDKROOT; };
		52BA30F119F6368400D81640 /* VideoToolbox.framework */ = {isa = PBXFileReference; lastKnownFileType = wrapper.framework; name = VideoToolbox.framework; path = System/Library/Frameworks/VideoToolbox.framework; sourceTree = SDKROOT; };
		52BA30F219F6368400D81640 /* WebKit.framework */ = {isa = PBXFileReference; lastKnownFileType = wrapper.framework; name = WebKit.framework; path = System/Library/Frameworks/WebKit.framework; sourceTree = SDKROOT; };
		70E35C412046AEE800258A8D /* UIViewControllerExtension.h */ = {isa = PBXFileReference; fileEncoding = 4; lastKnownFileType = sourcecode.c.h; path = UIViewControllerExtension.h; sourceTree = "<group>"; };
		70E35C422046AEE800258A8D /* UZURLTask.h */ = {isa = PBXFileReference; fileEncoding = 4; lastKnownFileType = sourcecode.c.h; path = UZURLTask.h; sourceTree = "<group>"; };
		70E35C432046AEE800258A8D /* UZModule.h */ = {isa = PBXFileReference; fileEncoding = 4; lastKnownFileType = sourcecode.c.h; path = UZModule.h; sourceTree = "<group>"; };
		70E35C452046AEE800258A8D /* UZAppDelegate.h */ = {isa = PBXFileReference; fileEncoding = 4; lastKnownFileType = sourcecode.c.h; path = UZAppDelegate.h; sourceTree = "<group>"; };
		70E35C462046AEE800258A8D /* UZAppUtils.h */ = {isa = PBXFileReference; fileEncoding = 4; lastKnownFileType = sourcecode.c.h; path = UZAppUtils.h; sourceTree = "<group>"; };
		70E35C472046AEE800258A8D /* NSDictionaryUtils.h */ = {isa = PBXFileReference; fileEncoding = 4; lastKnownFileType = sourcecode.c.h; path = NSDictionaryUtils.h; sourceTree = "<group>"; };
		70F66F5320464FCB00AB9492 /* AgoraRtcEngineKit.framework */ = {isa = PBXFileReference; lastKnownFileType = wrapper.framework; name = AgoraRtcEngineKit.framework; path = ../libs/AgoraRtcEngineKit.framework; sourceTree = "<group>"; };
/* End PBXFileReference section */

/* Begin PBXFrameworksBuildPhase section */
		527BCF6819C431480077631F /* Frameworks */ = {
			isa = PBXFrameworksBuildPhase;
			buildActionMask = 2147483647;
			files = (
				2FF50A302265913100B5CA54 /* libagoraRtc.a in Frameworks */,
				2F828DDB225B1FB7000842E1 /* CoreML.framework in Frameworks */,
				2F5561A121D874C7000EEA2E /* libicucore.tbd in Frameworks */,
				2F55619F21D8746D000EEA2E /* Accelerate.framework in Frameworks */,
				2F55619E21D87386000EEA2E /* AVFoundation.framework in Frameworks */,
				2F55619D21D87378000EEA2E /* libresolv.tbd in Frameworks */,
				2F55619B21D87371000EEA2E /* libc++.tbd in Frameworks */,
				2F55619921D87313000EEA2E /* CoreTelephony.framework in Frameworks */,
				2F55619821D87308000EEA2E /* SystemConfiguration.framework in Frameworks */,
				2F55619721D872FA000EEA2E /* AudioToolbox.framework in Frameworks */,
				2F55619621D872E5000EEA2E /* CoreMedia.framework in Frameworks */,
				2F55619521D871DA000EEA2E /* VideoToolbox.framework in Frameworks */,
				70F66F5520464FCB00AB9492 /* AgoraRtcEngineKit.framework in Frameworks */,
				5262179B1CFC3B9C00DEE766 /* WebKit.framework in Frameworks */,
			);
			runOnlyForDeploymentPostprocessing = 0;
		};
/* End PBXFrameworksBuildPhase section */

/* Begin PBXGroup section */
		5238DE381BE0BE8700D2CB5C /* localization */ = {
			isa = PBXGroup;
			children = (
				5238DE3D1BE0BF2900D2CB5C /* EngineLocalizable.strings */,
			);
			name = localization;
			sourceTree = "<group>";
		};
		527BCF6219C431480077631F = {
			isa = PBXGroup;
			children = (
				527BCF6D19C431480077631F /* UZApp */,
				527BCFD619C434200077631F /* Frameworks */,
				527BCF6C19C431480077631F /* Products */,
			);
			sourceTree = "<group>";
		};
		527BCF6C19C431480077631F /* Products */ = {
			isa = PBXGroup;
			children = (
				527BCF6B19C431480077631F /* UZApp.app */,
			);
			name = Products;
			sourceTree = "<group>";
		};
		527BCF6D19C431480077631F /* UZApp */ = {
			isa = PBXGroup;
			children = (
				70E35C402046AEE800258A8D /* UZEngine */,
				527BCF7B19C431480077631F /* Images.xcassets */,
				527BCF6E19C431480077631F /* Supporting Files */,
			);
			path = UZApp;
			sourceTree = "<group>";
		};
		527BCF6E19C431480077631F /* Supporting Files */ = {
			isa = PBXGroup;
			children = (
				5238DE381BE0BE8700D2CB5C /* localization */,
				527BCFF319C4346B0077631F /* uz */,
				527BCFF419C4346B0077631F /* widget */,
				527BCF6F19C431480077631F /* Info.plist */,
				527BCF7019C431480077631F /* main.m */,
			);
			name = "Supporting Files";
			sourceTree = "<group>";
		};
		527BCFD619C434200077631F /* Frameworks */ = {
			isa = PBXGroup;
			children = (
				2FF50A2F2265913100B5CA54 /* libagoraRtc.a */,
				2F828DDA225B1FB6000842E1 /* CoreML.framework */,
				2F5561A021D874C7000EEA2E /* libicucore.tbd */,
				2F55619C21D87378000EEA2E /* libresolv.tbd */,
				2F55619A21D87371000EEA2E /* libc++.tbd */,
				70F66F5320464FCB00AB9492 /* AgoraRtcEngineKit.framework */,
				529FCFB31C001EFC00AFDBAF /* Contacts.framework */,
				529FCFB41C001EFC00AFDBAF /* ContactsUI.framework */,
				523771DC1ADB81C300C15847 /* WatchKit.framework */,
				52BA30DB19F6368400D81640 /* LocalAuthentication.framework */,
				52BA30DC19F6368400D81640 /* MapKit.framework */,
				52BA30DD19F6368400D81640 /* MediaAccessibility.framework */,
				52BA30DE19F6368400D81640 /* MediaToolbox.framework */,
				52BA30DF19F6368400D81640 /* Metal.framework */,
				52BA30E019F6368400D81640 /* MultipeerConnectivity.framework */,
				52BA30E219F6368400D81640 /* NewsstandKit.framework */,
				52BA30E319F6368400D81640 /* NotificationCenter.framework */,
				52BA30E419F6368400D81640 /* OpenAL.framework */,
				52BA30E519F6368400D81640 /* OpenGLES.framework */,
				52BA30E619F6368400D81640 /* PassKit.framework */,
				52BA30E719F6368400D81640 /* Photos.framework */,
				52BA30E819F6368400D81640 /* PhotosUI.framework */,
				52BA30E919F6368400D81640 /* PushKit.framework */,
				52BA30EA19F6368400D81640 /* QuartzCore.framework */,
				52BA30EB19F6368400D81640 /* SafariServices.framework */,
				52BA30EC19F6368400D81640 /* SceneKit.framework */,
				52BA30ED19F6368400D81640 /* Social.framework */,
				52BA30EE19F6368400D81640 /* SpriteKit.framework */,
				52BA30EF19F6368400D81640 /* StoreKit.framework */,
				52BA30F019F6368400D81640 /* Twitter.framework */,
				52BA30F119F6368400D81640 /* VideoToolbox.framework */,
				52BA30F219F6368400D81640 /* WebKit.framework */,
				52BA30A419F6367A00D81640 /* Accelerate.framework */,
				52BA30A519F6367A00D81640 /* Accounts.framework */,
				52BA30A619F6367A00D81640 /* AudioUnit.framework */,
				52BA30A719F6367A00D81640 /* AVKit.framework */,
				52BA30A819F6367A00D81640 /* CloudKit.framework */,
				52BA30A919F6367A00D81640 /* CoreAudio.framework */,
				52BA30AA19F6367A00D81640 /* CoreAudioKit.framework */,
				52BA30AB19F6367A00D81640 /* CoreBluetooth.framework */,
				52BA30AC19F6367A00D81640 /* CoreFoundation.framework */,
				52BA30AD19F6367A00D81640 /* CoreImage.framework */,
				52BA30AE19F6367A00D81640 /* CoreMIDI.framework */,
				52BA30AF19F6367A00D81640 /* CoreMotion.framework */,
				52BA30B019F6367A00D81640 /* CoreText.framework */,
				52BA30B119F6367A00D81640 /* EventKit.framework */,
				52BA30B219F6367A00D81640 /* EventKitUI.framework */,
				52BA30B419F6367A00D81640 /* GameController.framework */,
				52BA30B619F6367A00D81640 /* GLKit.framework */,
				52BA30B719F6367A00D81640 /* GSS.framework */,
				52BA30B819F6367A00D81640 /* HealthKit.framework */,
				52BA30B919F6367A00D81640 /* HomeKit.framework */,
				52BA30BA19F6367A00D81640 /* iAd.framework */,
				52BA30BB19F6367A00D81640 /* JavaScriptCore.framework */,
				526385B719F53DE100AFF36E /* AdSupport.framework */,
				527BCFA519C4340F0077631F /* CoreLocation.framework */,
				527BCFA619C4340F0077631F /* QuickLook.framework */,
				527BCFA719C4340F0077631F /* ImageIO.framework */,
				527BCFA819C4340F0077631F /* AssetsLibrary.framework */,
				527BCFA919C4340F0077631F /* CoreVideo.framework */,
				527BCFAA19C4340F0077631F /* CoreMedia.framework */,
				527BCFAB19C4340F0077631F /* AudioToolbox.framework */,
				527BCFAC19C4340F0077631F /* CoreTelephony.framework */,
				527BCFAD19C4340F0077631F /* AVFoundation.framework */,
				527BCFAE19C4340F0077631F /* MediaPlayer.framework */,
				527BCFAF19C4340F0077631F /* AddressBook.framework */,
				527BCFB019C4340F0077631F /* AddressBookUI.framework */,
				527BCFB119C4340F0077631F /* Security.framework */,
				527BCFB219C4340F0077631F /* SystemConfiguration.framework */,
				527BCFB319C4340F0077631F /* CFNetwork.framework */,
				527BCFB419C4340F0077631F /* MobileCoreServices.framework */,
				527BCFB519C4340F0077631F /* MessageUI.framework */,
				527BCFB619C4340F0077631F /* Foundation.framework */,
				527BCFB719C434100077631F /* CoreGraphics.framework */,
				527BCFB819C434100077631F /* UIKit.framework */,
				527BCFB919C434100077631F /* CoreData.framework */,
			);
			name = Frameworks;
			sourceTree = "<group>";
		};
		70E35C402046AEE800258A8D /* UZEngine */ = {
			isa = PBXGroup;
			children = (
				70E35C412046AEE800258A8D /* UIViewControllerExtension.h */,
				70E35C422046AEE800258A8D /* UZURLTask.h */,
				70E35C432046AEE800258A8D /* UZModule.h */,
				70E35C452046AEE800258A8D /* UZAppDelegate.h */,
				70E35C462046AEE800258A8D /* UZAppUtils.h */,
				70E35C472046AEE800258A8D /* NSDictionaryUtils.h */,
			);
			name = UZEngine;
			path = ../../libs/UZEngine;
			sourceTree = "<group>";
		};
/* End PBXGroup section */

/* Begin PBXNativeTarget section */
		527BCF6A19C431480077631F /* UZApp */ = {
			isa = PBXNativeTarget;
			buildConfigurationList = 527BCF8E19C431480077631F /* Build configuration list for PBXNativeTarget "UZApp" */;
			buildPhases = (
				527BCF6719C431480077631F /* Sources */,
				527BCF6819C431480077631F /* Frameworks */,
				527BCF6919C431480077631F /* Resources */,
				52BCBF0A1ADB6C5E00561043 /* Embed App Extensions */,
			);
			buildRules = (
			);
			dependencies = (
			);
			name = UZApp;
			productName = UZApp;
			productReference = 527BCF6B19C431480077631F /* UZApp.app */;
			productType = "com.apple.product-type.application";
		};
/* End PBXNativeTarget section */

/* Begin PBXProject section */
		527BCF6319C431480077631F /* Project object */ = {
			isa = PBXProject;
			attributes = {
				LastSwiftUpdateCheck = 0710;
				LastUpgradeCheck = 1010;
				ORGANIZATIONNAME = APICloud;
				TargetAttributes = {
					527BCF6A19C431480077631F = {
						CreatedOnToolsVersion = 6.0;
						DevelopmentTeam = 48TB6ZZL5S;
						LastSwiftMigration = 0820;
						ProvisioningStyle = Manual;
						SystemCapabilities = {
							com.apple.BackgroundModes = {
								enabled = 0;
							};
							com.apple.GameCenter = {
								enabled = 0;
							};
							com.apple.VPNLite = {
								enabled = 0;
							};
							com.apple.WAC = {
								enabled = 0;
							};
						};
					};
				};
			};
			buildConfigurationList = 527BCF6619C431480077631F /* Build configuration list for PBXProject "UZApp" */;
			compatibilityVersion = "Xcode 3.2";
			developmentRegion = English;
			hasScannedForEncodings = 0;
			knownRegions = (
				English,
				en,
				Base,
				"zh-Hans",
			);
			mainGroup = 527BCF6219C431480077631F;
			productRefGroup = 527BCF6C19C431480077631F /* Products */;
			projectDirPath = "";
			projectRoot = "";
			targets = (
				527BCF6A19C431480077631F /* UZApp */,
			);
		};
/* End PBXProject section */

/* Begin PBXResourcesBuildPhase section */
		527BCF6919C431480077631F /* Resources */ = {
			isa = PBXResourcesBuildPhase;
			buildActionMask = 2147483647;
			files = (
				527BCFF519C4346B0077631F /* uz in Resources */,
				5238DE3B1BE0BF2900D2CB5C /* EngineLocalizable.strings in Resources */,
				527BCFF619C4346B0077631F /* widget in Resources */,
				527BCF7C19C431480077631F /* Images.xcassets in Resources */,
			);
			runOnlyForDeploymentPostprocessing = 0;
		};
/* End PBXResourcesBuildPhase section */

/* Begin PBXSourcesBuildPhase section */
		527BCF6719C431480077631F /* Sources */ = {
			isa = PBXSourcesBuildPhase;
			buildActionMask = 2147483647;
			files = (
				527BCF7119C431480077631F /* main.m in Sources */,
			);
			runOnlyForDeploymentPostprocessing = 0;
		};
/* End PBXSourcesBuildPhase section */

/* Begin PBXVariantGroup section */
		5238DE3D1BE0BF2900D2CB5C /* EngineLocalizable.strings */ = {
			isa = PBXVariantGroup;
			children = (
				5238DE3C1BE0BF2900D2CB5C /* en */,
				5238DE3E1BE0BF3800D2CB5C /* zh-Hans */,
			);
			name = EngineLocalizable.strings;
			sourceTree = "<group>";
		};
/* End PBXVariantGroup section */

/* Begin XCBuildConfiguration section */
		527BCF8C19C431480077631F /* Debug */ = {
			isa = XCBuildConfiguration;
			buildSettings = {
				ALWAYS_SEARCH_USER_PATHS = NO;
				CLANG_ANALYZER_LOCALIZABILITY_NONLOCALIZED = YES;
				CLANG_CXX_LANGUAGE_STANDARD = "gnu++0x";
				CLANG_CXX_LIBRARY = "libc++";
				CLANG_ENABLE_MODULES = YES;
				CLANG_ENABLE_OBJC_ARC = YES;
				CLANG_WARN_BLOCK_CAPTURE_AUTORELEASING = YES;
				CLANG_WARN_BOOL_CONVERSION = YES;
				CLANG_WARN_COMMA = YES;
				CLANG_WARN_CONSTANT_CONVERSION = YES;
				CLANG_WARN_DEPRECATED_OBJC_IMPLEMENTATIONS = YES;
				CLANG_WARN_DIRECT_OBJC_ISA_USAGE = YES_ERROR;
				CLANG_WARN_EMPTY_BODY = YES;
				CLANG_WARN_ENUM_CONVERSION = YES;
				CLANG_WARN_INFINITE_RECURSION = YES;
				CLANG_WARN_INT_CONVERSION = YES;
				CLANG_WARN_NON_LITERAL_NULL_CONVERSION = YES;
				CLANG_WARN_OBJC_IMPLICIT_RETAIN_SELF = YES;
				CLANG_WARN_OBJC_LITERAL_CONVERSION = YES;
				CLANG_WARN_OBJC_ROOT_CLASS = YES_ERROR;
				CLANG_WARN_RANGE_LOOP_ANALYSIS = YES;
				CLANG_WARN_STRICT_PROTOTYPES = YES;
				CLANG_WARN_SUSPICIOUS_MOVE = YES;
				CLANG_WARN_UNREACHABLE_CODE = YES;
				CLANG_WARN__DUPLICATE_METHOD_MATCH = YES;
				CODE_SIGN_IDENTITY = "iPhone Distribution";
				"CODE_SIGN_IDENTITY[sdk=iphoneos*]" = "iPhone Distribution";
				COPY_PHASE_STRIP = NO;
				ENABLE_BITCODE = NO;
				ENABLE_STRICT_OBJC_MSGSEND = YES;
				ENABLE_TESTABILITY = YES;
				GCC_C_LANGUAGE_STANDARD = gnu99;
				GCC_DYNAMIC_NO_PIC = NO;
				GCC_NO_COMMON_BLOCKS = YES;
				GCC_OPTIMIZATION_LEVEL = 0;
				GCC_PREPROCESSOR_DEFINITIONS = (
					"DEBUG=1",
					"$(inherited)",
				);
				GCC_SYMBOLS_PRIVATE_EXTERN = NO;
				GCC_WARN_64_TO_32_BIT_CONVERSION = YES;
				GCC_WARN_ABOUT_RETURN_TYPE = YES_ERROR;
				GCC_WARN_UNDECLARED_SELECTOR = YES;
				GCC_WARN_UNINITIALIZED_AUTOS = YES_AGGRESSIVE;
				GCC_WARN_UNUSED_FUNCTION = YES;
				GCC_WARN_UNUSED_VARIABLE = YES;
				IPHONEOS_DEPLOYMENT_TARGET = 8.0;
				MTL_ENABLE_DEBUG_INFO = YES;
				ONLY_ACTIVE_ARCH = YES;
				PROVISIONING_PROFILE = "";
				SDKROOT = iphoneos;
				TARGETED_DEVICE_FAMILY = "1,2";
				VALID_ARCHS = "armv7 arm64";
			};
			name = Debug;
		};
		527BCF8D19C431480077631F /* Release */ = {
			isa = XCBuildConfiguration;
			buildSettings = {
				ALWAYS_SEARCH_USER_PATHS = NO;
				CLANG_ANALYZER_LOCALIZABILITY_NONLOCALIZED = YES;
				CLANG_CXX_LANGUAGE_STANDARD = "gnu++0x";
				CLANG_CXX_LIBRARY = "libc++";
				CLANG_ENABLE_MODULES = YES;
				CLANG_ENABLE_OBJC_ARC = YES;
				CLANG_WARN_BLOCK_CAPTURE_AUTORELEASING = YES;
				CLANG_WARN_BOOL_CONVERSION = YES;
				CLANG_WARN_COMMA = YES;
				CLANG_WARN_CONSTANT_CONVERSION = YES;
				CLANG_WARN_DEPRECATED_OBJC_IMPLEMENTATIONS = YES;
				CLANG_WARN_DIRECT_OBJC_ISA_USAGE = YES_ERROR;
				CLANG_WARN_EMPTY_BODY = YES;
				CLANG_WARN_ENUM_CONVERSION = YES;
				CLANG_WARN_INFINITE_RECURSION = YES;
				CLANG_WARN_INT_CONVERSION = YES;
				CLANG_WARN_NON_LITERAL_NULL_CONVERSION = YES;
				CLANG_WARN_OBJC_IMPLICIT_RETAIN_SELF = YES;
				CLANG_WARN_OBJC_LITERAL_CONVERSION = YES;
				CLANG_WARN_OBJC_ROOT_CLASS = YES_ERROR;
				CLANG_WARN_RANGE_LOOP_ANALYSIS = YES;
				CLANG_WARN_STRICT_PROTOTYPES = YES;
				CLANG_WARN_SUSPICIOUS_MOVE = YES;
				CLANG_WARN_UNREACHABLE_CODE = YES;
				CLANG_WARN__DUPLICATE_METHOD_MATCH = YES;
				CODE_SIGN_IDENTITY = "iPhone Distribution";
				"CODE_SIGN_IDENTITY[sdk=iphoneos*]" = "iPhone Distribution";
				COPY_PHASE_STRIP = YES;
				ENABLE_BITCODE = NO;
				ENABLE_NS_ASSERTIONS = NO;
				ENABLE_STRICT_OBJC_MSGSEND = YES;
				GCC_C_LANGUAGE_STANDARD = gnu99;
				GCC_NO_COMMON_BLOCKS = YES;
				GCC_WARN_64_TO_32_BIT_CONVERSION = YES;
				GCC_WARN_ABOUT_RETURN_TYPE = YES_ERROR;
				GCC_WARN_UNDECLARED_SELECTOR = YES;
				GCC_WARN_UNINITIALIZED_AUTOS = YES_AGGRESSIVE;
				GCC_WARN_UNUSED_FUNCTION = YES;
				GCC_WARN_UNUSED_VARIABLE = YES;
				IPHONEOS_DEPLOYMENT_TARGET = 8.0;
				MTL_ENABLE_DEBUG_INFO = NO;
				ONLY_ACTIVE_ARCH = NO;
				PROVISIONING_PROFILE = "";
				SDKROOT = iphoneos;
				TARGETED_DEVICE_FAMILY = "1,2";
				VALIDATE_PRODUCT = YES;
				VALID_ARCHS = "armv7 arm64";
			};
			name = Release;
		};
		527BCF8F19C431480077631F /* Debug */ = {
			isa = XCBuildConfiguration;
			buildSettings = {
				ALWAYS_EMBED_SWIFT_STANDARD_LIBRARIES = NO;
				ASSETCATALOG_COMPILER_APPICON_NAME = AppIcon;
				ASSETCATALOG_COMPILER_LAUNCHIMAGE_NAME = LaunchImage;
				CLANG_ENABLE_MODULES = YES;
				CODE_SIGN_IDENTITY = "iPhone Developer";
				"CODE_SIGN_IDENTITY[sdk=iphoneos*]" = "iPhone Developer";
				CODE_SIGN_RESOURCE_RULES_PATH = "";
				CODE_SIGN_STYLE = Manual;
				DEVELOPMENT_TEAM = 48TB6ZZL5S;
				ENABLE_BITCODE = NO;
				FRAMEWORK_SEARCH_PATHS = "$(PROJECT_DIR)/../libs";
				INFOPLIST_FILE = UZApp/Info.plist;
				IPHONEOS_DEPLOYMENT_TARGET = 8.0;
				LD_RUNPATH_SEARCH_PATHS = "$(inherited) @executable_path/Frameworks";
				LIBRARY_SEARCH_PATHS = (
					"$(inherited)",
					"$(PROJECT_DIR)/../libs",
				);
				ONLY_ACTIVE_ARCH = NO;
				OTHER_LDFLAGS = (
					"-ObjC",
					"-force_load",
					"$(PROJECT_DIR)/../libs/UZEngine/libUZEngine.a",
				);
				PRODUCT_BUNDLE_IDENTIFIER = io.agora.rtc.apicloud.sample;
				PRODUCT_NAME = "$(TARGET_NAME)";
				PROVISIONING_PROFILE = "6bccbaff-6a9d-45ee-85f1-85485a455b20";
				PROVISIONING_PROFILE_SPECIFIER = AgoraIODev2018;
				SWIFT_OBJC_BRIDGING_HEADER = "";
				SWIFT_OPTIMIZATION_LEVEL = "-Onone";
				SWIFT_VERSION = 3.0;
				TARGETED_DEVICE_FAMILY = "1,2";
				VALID_ARCHS = "armv7 arm64";
			};
			name = Debug;
		};
		527BCF9019C431480077631F /* Release */ = {
			isa = XCBuildConfiguration;
			buildSettings = {
				ALWAYS_EMBED_SWIFT_STANDARD_LIBRARIES = NO;
				ASSETCATALOG_COMPILER_APPICON_NAME = AppIcon;
				ASSETCATALOG_COMPILER_LAUNCHIMAGE_NAME = LaunchImage;
				CLANG_ENABLE_MODULES = YES;
				CODE_SIGN_IDENTITY = "iPhone Developer";
				"CODE_SIGN_IDENTITY[sdk=iphoneos*]" = "iPhone Developer";
				CODE_SIGN_RESOURCE_RULES_PATH = "";
				CODE_SIGN_STYLE = Manual;
				DEVELOPMENT_TEAM = 48TB6ZZL5S;
				ENABLE_BITCODE = NO;
				FRAMEWORK_SEARCH_PATHS = "$(PROJECT_DIR)/../libs";
				INFOPLIST_FILE = UZApp/Info.plist;
				IPHONEOS_DEPLOYMENT_TARGET = 8.0;
				LD_RUNPATH_SEARCH_PATHS = "$(inherited) @executable_path/Frameworks";
				LIBRARY_SEARCH_PATHS = (
					"$(inherited)",
					"$(PROJECT_DIR)/../libs",
				);
				OTHER_LDFLAGS = (
					"-ObjC",
					"-force_load",
					"$(PROJECT_DIR)/../libs/UZEngine/libUZEngine.a",
				);
				PRODUCT_BUNDLE_IDENTIFIER = io.agora.rtc.apicloud.sample;
				PRODUCT_NAME = "$(TARGET_NAME)";
				PROVISIONING_PROFILE = "";
				PROVISIONING_PROFILE_SPECIFIER = AgoraIODev2018;
				SWIFT_OBJC_BRIDGING_HEADER = "";
				SWIFT_VERSION = 3.0;
				TARGETED_DEVICE_FAMILY = "1,2";
				VALID_ARCHS = "armv7 arm64";
			};
			name = Release;
		};
/* End XCBuildConfiguration section */

/* Begin XCConfigurationList section */
		527BCF6619C431480077631F /* Build configuration list for PBXProject "UZApp" */ = {
			isa = XCConfigurationList;
			buildConfigurations = (
				527BCF8C19C431480077631F /* Debug */,
				527BCF8D19C431480077631F /* Release */,
			);
			defaultConfigurationIsVisible = 0;
			defaultConfigurationName = Release;
		};
		527BCF8E19C431480077631F /* Build configuration list for PBXNativeTarget "UZApp" */ = {
			isa = XCConfigurationList;
			buildConfigurations = (
				527BCF8F19C431480077631F /* Debug */,
				527BCF9019C431480077631F /* Release */,
			);
			defaultConfigurationIsVisible = 0;
			defaultConfigurationName = Release;
		};
/* End XCConfigurationList section */
	};
	rootObject = 527BCF6319C431480077631F /* Project object */;
}
