// !$*UTF8*$!
{
	archiveVersion = 1;
	classes = {
	};
	objectVersion = 52;
	objects = {

/* Begin PBXAggregateTarget section */
		70E9F96420469D3A00F60D69 /* UniversalSDK */ = {
			isa = PBXAggregateTarget;
			buildConfigurationList = 70E9F96520469D3A00F60D69 /* Build configuration list for PBXAggregateTarget "UniversalSDK" */;
			buildPhases = (
				70E9F96820469D4100F60D69 /* ShellScript */,
			);
			dependencies = (
			);
			name = UniversalSDK;
			productName = UniversalSDK;
		};
/* End PBXAggregateTarget section */

/* Begin PBXBuildFile section */
		7024AA43203EA370005FA533 /* AgoraRtcForAPICloud.m in Sources */ = {isa = PBXBuildFile; fileRef = 7024AA41203EA370005FA533 /* AgoraRtcForAPICloud.m */; };
		8BC3EC63281E2CC60013FBF9 /* AgoraCore.xcframework in Frameworks */ = {isa = PBXBuildFile; fileRef = 8BC3EC48281E2BC10013FBF9 /* AgoraCore.xcframework */; };
		8BC3EC64281E2CC60013FBF9 /* Agoraffmpeg.xcframework in Frameworks */ = {isa = PBXBuildFile; fileRef = 8BC3EC50281E2BC10013FBF9 /* Agoraffmpeg.xcframework */; };
		8BC3EC65281E2CC60013FBF9 /* AgoraRtcKit.xcframework in Frameworks */ = {isa = PBXBuildFile; fileRef = 8BC3EC56281E2BC10013FBF9 /* AgoraRtcKit.xcframework */; };
		8BC3EC66281E2CC60013FBF9 /* AgoraSoundTouch.xcframework in Frameworks */ = {isa = PBXBuildFile; fileRef = 8BC3EC58281E2BC10013FBF9 /* AgoraSoundTouch.xcframework */; };
/* End PBXBuildFile section */

/* Begin PBXCopyFilesBuildPhase section */
		528608261A596B0600587EC2 /* CopyFiles */ = {
			isa = PBXCopyFilesBuildPhase;
			buildActionMask = 2147483647;
			dstPath = "include/$(PRODUCT_NAME)";
			dstSubfolderSpec = 16;
			files = (
			);
			runOnlyForDeploymentPostprocessing = 0;
		};
/* End PBXCopyFilesBuildPhase section */

/* Begin PBXFileReference section */
		528608281A596B0600587EC2 /* libagoraRtc.a */ = {isa = PBXFileReference; explicitFileType = archive.ar; includeInIndex = 0; path = libagoraRtc.a; sourceTree = BUILT_PRODUCTS_DIR; };
		7024AA41203EA370005FA533 /* AgoraRtcForAPICloud.m */ = {isa = PBXFileReference; fileEncoding = 4; lastKnownFileType = sourcecode.c.objc; path = AgoraRtcForAPICloud.m; sourceTree = "<group>"; };
		7024AA42203EA370005FA533 /* AgoraRtcForAPICloud.h */ = {isa = PBXFileReference; fileEncoding = 4; lastKnownFileType = sourcecode.c.h; path = AgoraRtcForAPICloud.h; sourceTree = "<group>"; };
		70A5C9802046AC2D00135786 /* UIViewControllerExtension.h */ = {isa = PBXFileReference; fileEncoding = 4; lastKnownFileType = sourcecode.c.h; path = UIViewControllerExtension.h; sourceTree = "<group>"; };
		70A5C9812046AC2D00135786 /* UZURLTask.h */ = {isa = PBXFileReference; fileEncoding = 4; lastKnownFileType = sourcecode.c.h; path = UZURLTask.h; sourceTree = "<group>"; };
		70A5C9822046AC2D00135786 /* UZModule.h */ = {isa = PBXFileReference; fileEncoding = 4; lastKnownFileType = sourcecode.c.h; path = UZModule.h; sourceTree = "<group>"; };
		70A5C9842046AC2D00135786 /* UZAppDelegate.h */ = {isa = PBXFileReference; fileEncoding = 4; lastKnownFileType = sourcecode.c.h; path = UZAppDelegate.h; sourceTree = "<group>"; };
		70A5C9852046AC2D00135786 /* UZAppUtils.h */ = {isa = PBXFileReference; fileEncoding = 4; lastKnownFileType = sourcecode.c.h; path = UZAppUtils.h; sourceTree = "<group>"; };
		70A5C9862046AC2D00135786 /* NSDictionaryUtils.h */ = {isa = PBXFileReference; fileEncoding = 4; lastKnownFileType = sourcecode.c.h; path = NSDictionaryUtils.h; sourceTree = "<group>"; };
		8BC3EC44281E2BC10013FBF9 /* AgoraAIDenoiseExtension.xcframework */ = {isa = PBXFileReference; lastKnownFileType = wrapper.xcframework; name = AgoraAIDenoiseExtension.xcframework; path = "/Volumes/dev/IdeaProjects/APICloud-SDK/iOS/Sample/../libs/AgoraAIDenoiseExtension.xcframework"; sourceTree = "<absolute>"; };
		8BC3EC46281E2BC10013FBF9 /* AgoraCIExtension.xcframework */ = {isa = PBXFileReference; lastKnownFileType = wrapper.xcframework; name = AgoraCIExtension.xcframework; path = "/Volumes/dev/IdeaProjects/APICloud-SDK/iOS/Sample/../libs/AgoraCIExtension.xcframework"; sourceTree = "<absolute>"; };
		8BC3EC48281E2BC10013FBF9 /* AgoraCore.xcframework */ = {isa = PBXFileReference; lastKnownFileType = wrapper.xcframework; name = AgoraCore.xcframework; path = "/Volumes/dev/IdeaProjects/APICloud-SDK/iOS/Sample/../libs/AgoraCore.xcframework"; sourceTree = "<absolute>"; };
		8BC3EC4A281E2BC10013FBF9 /* AgoraDav1dExtension.xcframework */ = {isa = PBXFileReference; lastKnownFileType = wrapper.xcframework; name = AgoraDav1dExtension.xcframework; path = "/Volumes/dev/IdeaProjects/APICloud-SDK/iOS/Sample/../libs/AgoraDav1dExtension.xcframework"; sourceTree = "<absolute>"; };
		8BC3EC4C281E2BC10013FBF9 /* AgoraFDExtension.xcframework */ = {isa = PBXFileReference; lastKnownFileType = wrapper.xcframework; name = AgoraFDExtension.xcframework; path = "/Volumes/dev/IdeaProjects/APICloud-SDK/iOS/Sample/../libs/AgoraFDExtension.xcframework"; sourceTree = "<absolute>"; };
		8BC3EC4E281E2BC10013FBF9 /* Agorafdkaac.xcframework */ = {isa = PBXFileReference; lastKnownFileType = wrapper.xcframework; name = Agorafdkaac.xcframework; path = "/Volumes/dev/IdeaProjects/APICloud-SDK/iOS/Sample/../libs/Agorafdkaac.xcframework"; sourceTree = "<absolute>"; };
		8BC3EC50281E2BC10013FBF9 /* Agoraffmpeg.xcframework */ = {isa = PBXFileReference; lastKnownFileType = wrapper.xcframework; name = Agoraffmpeg.xcframework; path = "/Volumes/dev/IdeaProjects/APICloud-SDK/iOS/Sample/../libs/Agoraffmpeg.xcframework"; sourceTree = "<absolute>"; };
		8BC3EC52281E2BC10013FBF9 /* AgoraFullAudioFormatExtension.xcframework */ = {isa = PBXFileReference; lastKnownFileType = wrapper.xcframework; name = AgoraFullAudioFormatExtension.xcframework; path = "/Volumes/dev/IdeaProjects/APICloud-SDK/iOS/Sample/../libs/AgoraFullAudioFormatExtension.xcframework"; sourceTree = "<absolute>"; };
		8BC3EC54281E2BC10013FBF9 /* AgoraReplayKitExtension.xcframework */ = {isa = PBXFileReference; lastKnownFileType = wrapper.xcframework; name = AgoraReplayKitExtension.xcframework; path = "/Volumes/dev/IdeaProjects/APICloud-SDK/iOS/Sample/../libs/AgoraReplayKitExtension.xcframework"; sourceTree = "<absolute>"; };
		8BC3EC56281E2BC10013FBF9 /* AgoraRtcKit.xcframework */ = {isa = PBXFileReference; lastKnownFileType = wrapper.xcframework; name = AgoraRtcKit.xcframework; path = "/Volumes/dev/IdeaProjects/APICloud-SDK/iOS/Sample/../libs/AgoraRtcKit.xcframework"; sourceTree = "<absolute>"; };
		8BC3EC58281E2BC10013FBF9 /* AgoraSoundTouch.xcframework */ = {isa = PBXFileReference; lastKnownFileType = wrapper.xcframework; name = AgoraSoundTouch.xcframework; path = "/Volumes/dev/IdeaProjects/APICloud-SDK/iOS/Sample/../libs/AgoraSoundTouch.xcframework"; sourceTree = "<absolute>"; };
		8BC3EC5A281E2BC10013FBF9 /* AgoraSpatialAudioExtension.xcframework */ = {isa = PBXFileReference; lastKnownFileType = wrapper.xcframework; name = AgoraSpatialAudioExtension.xcframework; path = "/Volumes/dev/IdeaProjects/APICloud-SDK/iOS/Sample/../libs/AgoraSpatialAudioExtension.xcframework"; sourceTree = "<absolute>"; };
		8BC3EC5C281E2BC10013FBF9 /* AgoraSuperResolutionExtension.xcframework */ = {isa = PBXFileReference; lastKnownFileType = wrapper.xcframework; name = AgoraSuperResolutionExtension.xcframework; path = "/Volumes/dev/IdeaProjects/APICloud-SDK/iOS/Sample/../libs/AgoraSuperResolutionExtension.xcframework"; sourceTree = "<absolute>"; };
		8BC3EC5E281E2BC10013FBF9 /* AgoraVideoProcessExtension.xcframework */ = {isa = PBXFileReference; lastKnownFileType = wrapper.xcframework; name = AgoraVideoProcessExtension.xcframework; path = "/Volumes/dev/IdeaProjects/APICloud-SDK/iOS/Sample/../libs/AgoraVideoProcessExtension.xcframework"; sourceTree = "<absolute>"; };
		8BC3EC60281E2BC10013FBF9 /* AgoraVideoSegmentationExtension.xcframework */ = {isa = PBXFileReference; lastKnownFileType = wrapper.xcframework; name = AgoraVideoSegmentationExtension.xcframework; path = "/Volumes/dev/IdeaProjects/APICloud-SDK/iOS/Sample/../libs/AgoraVideoSegmentationExtension.xcframework"; sourceTree = "<absolute>"; };
/* End PBXFileReference section */

/* Begin PBXFrameworksBuildPhase section */
		528608251A596B0600587EC2 /* Frameworks */ = {
			isa = PBXFrameworksBuildPhase;
			buildActionMask = 2147483647;
			files = (
				8BC3EC63281E2CC60013FBF9 /* AgoraCore.xcframework in Frameworks */,
				8BC3EC64281E2CC60013FBF9 /* Agoraffmpeg.xcframework in Frameworks */,
				8BC3EC65281E2CC60013FBF9 /* AgoraRtcKit.xcframework in Frameworks */,
				8BC3EC66281E2CC60013FBF9 /* AgoraSoundTouch.xcframework in Frameworks */,
			);
			runOnlyForDeploymentPostprocessing = 0;
		};
/* End PBXFrameworksBuildPhase section */

/* Begin PBXGroup section */
		5286081F1A596B0600587EC2 = {
			isa = PBXGroup;
			children = (
				70A5C97F2046AC2D00135786 /* UZEngine */,
				5286082A1A596B0600587EC2 /* AgoraRtcForAPICloud */,
				528608291A596B0600587EC2 /* Products */,
				8BC3EC43281E2BC10013FBF9 /* Frameworks */,
			);
			sourceTree = "<group>";
		};
		528608291A596B0600587EC2 /* Products */ = {
			isa = PBXGroup;
			children = (
				528608281A596B0600587EC2 /* libagoraRtc.a */,
			);
			name = Products;
			sourceTree = "<group>";
		};
		5286082A1A596B0600587EC2 /* AgoraRtcForAPICloud */ = {
			isa = PBXGroup;
			children = (
				7024AA42203EA370005FA533 /* AgoraRtcForAPICloud.h */,
				7024AA41203EA370005FA533 /* AgoraRtcForAPICloud.m */,
			);
			path = AgoraRtcForAPICloud;
			sourceTree = "<group>";
		};
		70A5C97F2046AC2D00135786 /* UZEngine */ = {
			isa = PBXGroup;
			children = (
				70A5C9802046AC2D00135786 /* UIViewControllerExtension.h */,
				70A5C9812046AC2D00135786 /* UZURLTask.h */,
				70A5C9822046AC2D00135786 /* UZModule.h */,
				70A5C9842046AC2D00135786 /* UZAppDelegate.h */,
				70A5C9852046AC2D00135786 /* UZAppUtils.h */,
				70A5C9862046AC2D00135786 /* NSDictionaryUtils.h */,
			);
			name = UZEngine;
			path = ../libs/UZEngine;
			sourceTree = "<group>";
		};
		8BC3EC43281E2BC10013FBF9 /* Frameworks */ = {
			isa = PBXGroup;
			children = (
				8BC3EC44281E2BC10013FBF9 /* AgoraAIDenoiseExtension.xcframework */,
				8BC3EC46281E2BC10013FBF9 /* AgoraCIExtension.xcframework */,
				8BC3EC48281E2BC10013FBF9 /* AgoraCore.xcframework */,
				8BC3EC4A281E2BC10013FBF9 /* AgoraDav1dExtension.xcframework */,
				8BC3EC4C281E2BC10013FBF9 /* AgoraFDExtension.xcframework */,
				8BC3EC4E281E2BC10013FBF9 /* Agorafdkaac.xcframework */,
				8BC3EC50281E2BC10013FBF9 /* Agoraffmpeg.xcframework */,
				8BC3EC52281E2BC10013FBF9 /* AgoraFullAudioFormatExtension.xcframework */,
				8BC3EC54281E2BC10013FBF9 /* AgoraReplayKitExtension.xcframework */,
				8BC3EC56281E2BC10013FBF9 /* AgoraRtcKit.xcframework */,
				8BC3EC58281E2BC10013FBF9 /* AgoraSoundTouch.xcframework */,
				8BC3EC5A281E2BC10013FBF9 /* AgoraSpatialAudioExtension.xcframework */,
				8BC3EC5C281E2BC10013FBF9 /* AgoraSuperResolutionExtension.xcframework */,
				8BC3EC5E281E2BC10013FBF9 /* AgoraVideoProcessExtension.xcframework */,
				8BC3EC60281E2BC10013FBF9 /* AgoraVideoSegmentationExtension.xcframework */,
			);
			name = Frameworks;
			sourceTree = "<group>";
		};
/* End PBXGroup section */

/* Begin PBXNativeTarget section */
		528608271A596B0600587EC2 /* AgoraRtcForAPICloud */ = {
			isa = PBXNativeTarget;
			buildConfigurationList = 5286083C1A596B0600587EC2 /* Build configuration list for PBXNativeTarget "AgoraRtcForAPICloud" */;
			buildPhases = (
				528608241A596B0600587EC2 /* Sources */,
				528608251A596B0600587EC2 /* Frameworks */,
				528608261A596B0600587EC2 /* CopyFiles */,
			);
			buildRules = (
			);
			dependencies = (
			);
			name = AgoraRtcForAPICloud;
			productName = AgoraRtcForAPICloud;
			productReference = 528608281A596B0600587EC2 /* libagoraRtc.a */;
			productType = "com.apple.product-type.library.static";
		};
/* End PBXNativeTarget section */

/* Begin PBXProject section */
		528608201A596B0600587EC2 /* Project object */ = {
			isa = PBXProject;
			attributes = {
				LastUpgradeCheck = 1010;
				ORGANIZATIONNAME = APICloud;
				TargetAttributes = {
					528608271A596B0600587EC2 = {
						CreatedOnToolsVersion = 6.1;
					};
					70E9F96420469D3A00F60D69 = {
						CreatedOnToolsVersion = 9.2;
						ProvisioningStyle = Automatic;
					};
				};
			};
			buildConfigurationList = 528608231A596B0600587EC2 /* Build configuration list for PBXProject "AgoraRtcForAPICloud" */;
			compatibilityVersion = "Xcode 3.2";
			developmentRegion = English;
			hasScannedForEncodings = 0;
			knownRegions = (
				English,
				en,
			);
			mainGroup = 5286081F1A596B0600587EC2;
			productRefGroup = 528608291A596B0600587EC2 /* Products */;
			projectDirPath = "";
			projectRoot = "";
			targets = (
				528608271A596B0600587EC2 /* AgoraRtcForAPICloud */,
				70E9F96420469D3A00F60D69 /* UniversalSDK */,
			);
		};
/* End PBXProject section */

/* Begin PBXShellScriptBuildPhase section */
		70E9F96820469D4100F60D69 /* ShellScript */ = {
			isa = PBXShellScriptBuildPhase;
			buildActionMask = 2147483647;
			files = (
			);
			inputPaths = (
			);
			outputPaths = (
			);
			runOnlyForDeploymentPostprocessing = 0;
			shellPath = /bin/sh;
			shellScript = "#!/bin/sh\n\nUNIVERSAL_OUTPUTFOLDER=${PROJECT_DIR}/../libs\n\n# Step 1. Build Device and Simulator versions\nxcodebuild -target ${PROJECT_NAME} ONLY_ACTIVE_ARCH=NO -configuration ${CONFIGURATION} -sdk iphoneos BUILD_DIR=\"${BUILD_DIR}\" BUILD_ROOT=\"${BUILD_ROOT}\" clean build\nxcodebuild -target ${PROJECT_NAME} ONLY_ACTIVE_ARCH=NO -configuration ${CONFIGURATION} -sdk iphonesimulator BUILD_DIR=\"${BUILD_DIR}\" BUILD_ROOT=\"${BUILD_ROOT}\" clean build\n\n# Step 2. Create universal binary file using lipo\nlipo -create -output \"${UNIVERSAL_OUTPUTFOLDER}/lib${PRODUCT_NAME}.a\" \"${BUILD_DIR}/${CONFIGURATION}-iphonesimulator/lib${PRODUCT_NAME}.a\" \"${BUILD_DIR}/${CONFIGURATION}-iphoneos/lib${PRODUCT_NAME}.a\"\n\n# Step 3. Convenience step to open the project's directory in Finder\n# open \"${UNIVERSAL_OUTPUTFOLDER}\"\n";
		};
/* End PBXShellScriptBuildPhase section */

/* Begin PBXSourcesBuildPhase section */
		528608241A596B0600587EC2 /* Sources */ = {
			isa = PBXSourcesBuildPhase;
			buildActionMask = 2147483647;
			files = (
				7024AA43203EA370005FA533 /* AgoraRtcForAPICloud.m in Sources */,
			);
			runOnlyForDeploymentPostprocessing = 0;
		};
/* End PBXSourcesBuildPhase section */

/* Begin XCBuildConfiguration section */
		5286083A1A596B0600587EC2 /* Debug */ = {
			isa = XCBuildConfiguration;
			buildSettings = {
				ALWAYS_SEARCH_USER_PATHS = NO;
				CLANG_CXX_LANGUAGE_STANDARD = "gnu++0x";
				CLANG_CXX_LIBRARY = "libc++";
				CLANG_ENABLE_MODULES = YES;
				CLANG_ENABLE_OBJC_ARC = YES;
				CLANG_WARN_BLOCK_CAPTURE_AUTORELEASING = YES;
				CLANG_WARN_BOOL_CONVERSION = YES;
				CLANG_WARN_COMMA = YES;
				CLANG_WARN_CONSTANT_CONVERSION = YES;
				CLANG_WARN_DEPRECATED_OBJC_IMPLEMENTATIONS = YES;
				CLANG_WARN_DIRECT_OBJC_ISA_USAGE = YES_ERROR;
				CLANG_WARN_EMPTY_BODY = YES;
				CLANG_WARN_ENUM_CONVERSION = YES;
				CLANG_WARN_INFINITE_RECURSION = YES;
				CLANG_WARN_INT_CONVERSION = YES;
				CLANG_WARN_NON_LITERAL_NULL_CONVERSION = YES;
				CLANG_WARN_OBJC_IMPLICIT_RETAIN_SELF = YES;
				CLANG_WARN_OBJC_LITERAL_CONVERSION = YES;
				CLANG_WARN_OBJC_ROOT_CLASS = YES_ERROR;
				CLANG_WARN_RANGE_LOOP_ANALYSIS = YES;
				CLANG_WARN_STRICT_PROTOTYPES = YES;
				CLANG_WARN_SUSPICIOUS_MOVE = YES;
				CLANG_WARN_UNREACHABLE_CODE = YES;
				CLANG_WARN__DUPLICATE_METHOD_MATCH = YES;
				COPY_PHASE_STRIP = NO;
				ENABLE_STRICT_OBJC_MSGSEND = YES;
				ENABLE_TESTABILITY = YES;
				GCC_C_LANGUAGE_STANDARD = gnu99;
				GCC_DYNAMIC_NO_PIC = NO;
				GCC_NO_COMMON_BLOCKS = YES;
				GCC_OPTIMIZATION_LEVEL = 0;
				GCC_PREPROCESSOR_DEFINITIONS = (
					"DEBUG=1",
					"$(inherited)",
				);
				GCC_SYMBOLS_PRIVATE_EXTERN = NO;
				GCC_WARN_64_TO_32_BIT_CONVERSION = YES;
				GCC_WARN_ABOUT_RETURN_TYPE = YES_ERROR;
				GCC_WARN_UNDECLARED_SELECTOR = YES;
				GCC_WARN_UNINITIALIZED_AUTOS = YES_AGGRESSIVE;
				GCC_WARN_UNUSED_FUNCTION = YES;
				GCC_WARN_UNUSED_VARIABLE = YES;
				IPHONEOS_DEPLOYMENT_TARGET = 9.0;
				MTL_ENABLE_DEBUG_INFO = YES;
				ONLY_ACTIVE_ARCH = YES;
				SDKROOT = iphoneos;
				VALID_ARCHS = "arm64 armv7 armv7s";
			};
			name = Debug;
		};
		5286083B1A596B0600587EC2 /* Release */ = {
			isa = XCBuildConfiguration;
			buildSettings = {
				ALWAYS_SEARCH_USER_PATHS = NO;
				CLANG_CXX_LANGUAGE_STANDARD = "gnu++0x";
				CLANG_CXX_LIBRARY = "libc++";
				CLANG_ENABLE_MODULES = YES;
				CLANG_ENABLE_OBJC_ARC = YES;
				CLANG_WARN_BLOCK_CAPTURE_AUTORELEASING = YES;
				CLANG_WARN_BOOL_CONVERSION = YES;
				CLANG_WARN_COMMA = YES;
				CLANG_WARN_CONSTANT_CONVERSION = YES;
				CLANG_WARN_DEPRECATED_OBJC_IMPLEMENTATIONS = YES;
				CLANG_WARN_DIRECT_OBJC_ISA_USAGE = YES_ERROR;
				CLANG_WARN_EMPTY_BODY = YES;
				CLANG_WARN_ENUM_CONVERSION = YES;
				CLANG_WARN_INFINITE_RECURSION = YES;
				CLANG_WARN_INT_CONVERSION = YES;
				CLANG_WARN_NON_LITERAL_NULL_CONVERSION = YES;
				CLANG_WARN_OBJC_IMPLICIT_RETAIN_SELF = YES;
				CLANG_WARN_OBJC_LITERAL_CONVERSION = YES;
				CLANG_WARN_OBJC_ROOT_CLASS = YES_ERROR;
				CLANG_WARN_RANGE_LOOP_ANALYSIS = YES;
				CLANG_WARN_STRICT_PROTOTYPES = YES;
				CLANG_WARN_SUSPICIOUS_MOVE = YES;
				CLANG_WARN_UNREACHABLE_CODE = YES;
				CLANG_WARN__DUPLICATE_METHOD_MATCH = YES;
				COPY_PHASE_STRIP = YES;
				ENABLE_NS_ASSERTIONS = NO;
				ENABLE_STRICT_OBJC_MSGSEND = YES;
				GCC_C_LANGUAGE_STANDARD = gnu99;
				GCC_NO_COMMON_BLOCKS = YES;
				GCC_WARN_64_TO_32_BIT_CONVERSION = YES;
				GCC_WARN_ABOUT_RETURN_TYPE = YES_ERROR;
				GCC_WARN_UNDECLARED_SELECTOR = YES;
				GCC_WARN_UNINITIALIZED_AUTOS = YES_AGGRESSIVE;
				GCC_WARN_UNUSED_FUNCTION = YES;
				GCC_WARN_UNUSED_VARIABLE = YES;
				IPHONEOS_DEPLOYMENT_TARGET = 9.0;
				MTL_ENABLE_DEBUG_INFO = NO;
				ONLY_ACTIVE_ARCH = NO;
				SDKROOT = iphoneos;
				VALIDATE_PRODUCT = YES;
				VALID_ARCHS = "arm64 armv7 armv7s";
			};
			name = Release;
		};
		5286083D1A596B0600587EC2 /* Debug */ = {
			isa = XCBuildConfiguration;
			buildSettings = {
				FRAMEWORK_SEARCH_PATHS = (
					"$(inherited)",
					"$(PROJECT_DIR)/../libs",
				);
				ONLY_ACTIVE_ARCH = YES;
				OTHER_LDFLAGS = "-ObjC";
				PRODUCT_NAME = agoraRtc;
				SKIP_INSTALL = YES;
				VALID_ARCHS = "arm64 armv7 armv7s i386 x86_64";
			};
			name = Debug;
		};
		5286083E1A596B0600587EC2 /* Release */ = {
			isa = XCBuildConfiguration;
			buildSettings = {
				FRAMEWORK_SEARCH_PATHS = (
					"$(inherited)",
					"$(PROJECT_DIR)/../libs",
				);
				ONLY_ACTIVE_ARCH = NO;
				OTHER_LDFLAGS = "-ObjC";
				PRODUCT_NAME = agoraRtc;
				SKIP_INSTALL = YES;
				VALID_ARCHS = "arm64 armv7 armv7s i386 x86_64";
			};
			name = Release;
		};
		70E9F96620469D3A00F60D69 /* Debug */ = {
			isa = XCBuildConfiguration;
			buildSettings = {
				CODE_SIGN_STYLE = Automatic;
				ONLY_ACTIVE_ARCH = NO;
				PRODUCT_NAME = agoraRtc;
				VALID_ARCHS = "arm64 armv7 armv7s";
			};
			name = Debug;
		};
		70E9F96720469D3A00F60D69 /* Release */ = {
			isa = XCBuildConfiguration;
			buildSettings = {
				CODE_SIGN_STYLE = Automatic;
				PRODUCT_NAME = agoraRtc;
				VALID_ARCHS = "arm64 armv7 armv7s";
			};
			name = Release;
		};
/* End XCBuildConfiguration section */

/* Begin XCConfigurationList section */
		528608231A596B0600587EC2 /* Build configuration list for PBXProject "AgoraRtcForAPICloud" */ = {
			isa = XCConfigurationList;
			buildConfigurations = (
				5286083A1A596B0600587EC2 /* Debug */,
				5286083B1A596B0600587EC2 /* Release */,
			);
			defaultConfigurationIsVisible = 0;
			defaultConfigurationName = Release;
		};
		5286083C1A596B0600587EC2 /* Build configuration list for PBXNativeTarget "AgoraRtcForAPICloud" */ = {
			isa = XCConfigurationList;
			buildConfigurations = (
				5286083D1A596B0600587EC2 /* Debug */,
				5286083E1A596B0600587EC2 /* Release */,
			);
			defaultConfigurationIsVisible = 0;
			defaultConfigurationName = Release;
		};
		70E9F96520469D3A00F60D69 /* Build configuration list for PBXAggregateTarget "UniversalSDK" */ = {
			isa = XCConfigurationList;
			buildConfigurations = (
				70E9F96620469D3A00F60D69 /* Debug */,
				70E9F96720469D3A00F60D69 /* Release */,
			);
			defaultConfigurationIsVisible = 0;
			defaultConfigurationName = Release;
		};
/* End XCConfigurationList section */
	};
	rootObject = 528608201A596B0600587EC2 /* Project object */;
}
